
Microsoft Visual Studio Solution File, Format Version 12.00
# Visual Studio Version 16
VisualStudioVersion = 16.0.31729.503
MinimumVisualStudioVersion = 10.0.40219.1
Project("{FAE04EC0-301F-11D3-BF4B-00C04F79EFBC}") = "QuanLyBenhVien", "QuanLyBenhVien\QuanLyBenhVien.csproj", "{61D7F28E-46EA-4F56-82C6-14A23213C0C3}"
EndProject
Global
	GlobalSection(SolutionConfigurationPlatforms) = preSolution
		Debug|Any CPU = Debug|Any CPU
		Release|Any CPU = Release|Any CPU
	EndGlobalSection
	GlobalSection(ProjectConfigurationPlatforms) = postSolution
		{61D7F28E-46EA-4F56-82C6-14A23213C0C3}.Debug|Any CPU.ActiveCfg = Debug|Any CPU
		{61D7F28E-46EA-4F56-82C6-14A23213C0C3}.Debug|Any CPU.Build.0 = Debug|Any CPU
		{61D7F28E-46EA-4F56-82C6-14A23213C0C3}.Release|Any CPU.ActiveCfg = Release|Any CPU
		{61D7F28E-46EA-4F56-82C6-14A23213C0C3}.Release|Any CPU.Build.0 = Release|Any CPU
	EndGlobalSection
	GlobalSection(SolutionProperties) = preSolution
		HideSolutionNode = FALSE
	EndGlobalSection
	GlobalSection(ExtensibilityGlobals) = postSolution
		SolutionGuid = {1C27EDB9-CFFF-485B-85C3-263C9E247A84}
	EndGlobalSection
EndGlobal
